Microsoft Visual Studio Solution File, Format Version 12.00
# Visual Studio Version 17
VisualStudioVersion = 17.5.2.0
MinimumVisualStudioVersion = 10.0.40219.1
Project("{FAE04EC0-301F-11D3-BF4B-00C04F79EFBC}") = "AzureSqlConnectionDemo", "AzureSqlConnectionDemo\AzureSqlConnectionDemo.csproj", "{1380F2AB-4CE0-814A-3CC7-B653B8482A94}"
EndProject
Global
	GlobalSection(SolutionConfigurationPlatforms) = preSolution
		Debug|Any CPU = Debug|Any CPU
		Release|Any CPU = Release|Any CPU
	EndGlobalSection
	GlobalSection(ProjectConfigurationPlatforms) = postSolution
		{1380F2AB-4CE0-814A-3CC7-B653B8482A94}.Debug|Any CPU.ActiveCfg = Debug|Any CPU
		{1380F2AB-4CE0-814A-3CC7-B653B8482A94}.Debug|Any CPU.Build.0 = Debug|Any CPU
		{1380F2AB-4CE0-814A-3CC7-B653B8482A94}.Release|Any CPU.ActiveCfg = Release|Any CPU
		{1380F2AB-4CE0-814A-3CC7-B653B8482A94}.Release|Any CPU.Build.0 = Release|Any CPU
	EndGlobalSection
	GlobalSection(SolutionProperties) = preSolution
		HideSolutionNode = FALSE
	EndGlobalSection
	GlobalSection(ExtensibilityGlobals) = postSolution
		SolutionGuid = {284F24CA-2018-4DDB-8C48-43903540C9A5}
	EndGlobalSection
EndGlobal
